
Microsoft Visual Studio Solution File, Format Version 12.00
# Visual Studio Version 17
VisualStudioVersion = 17.11.35312.102
MinimumVisualStudioVersion = 10.0.40219.1
Project("{2150E333-8FDC-42A3-9474-1A3956D46DE8}") = "Task0", "Task0", "{2E7E5972-611C-4065-8892-FBD63F1C8627}"
EndProject
Project("{FAE04EC0-301F-11D3-BF4B-00C04F79EFBC}") = "Tyuiu.KushnirS.Sprint5.Task0.V22", "Tyuiu.KushnirS.Sprint5.Task0.V22\Tyuiu.KushnirS.Sprint5.Task0.V22.csproj", "{0EEEB7E9-4CE3-4145-94B7-57AA93FC639E}"
EndProject
Project("{FAE04EC0-301F-11D3-BF4B-00C04F79EFBC}") = "Tyuiu.KushnirS.Sprint5.Task0.V22.Lib", "Tyuiu.KushnirS.Sprint5.Task0.V22.Lib\Tyuiu.KushnirS.Sprint5.Task0.V22.Lib.csproj", "{2E2AC18D-24D4-4C4D-AF69-FA869BAB41EE}"
EndProject
Project("{FAE04EC0-301F-11D3-BF4B-00C04F79EFBC}") = "Tyuiu.KushnirS.Sprint5.Task0.V22.Test", "Tyuiu.KushnirS.Sprint5.Task0.V22.Test\Tyuiu.KushnirS.Sprint5.Task0.V22.Test.csproj", "{BC1D3101-4F7D-4DB3-851B-800F47BBFC23}"
EndProject
Project("{2150E333-8FDC-42A3-9474-1A3956D46DE8}") = "Task1", "Task1", "{DCA81DA3-C249-4468-9396-E4AD27FD0646}"
EndProject
Project("{FAE04EC0-301F-11D3-BF4B-00C04F79EFBC}") = "Tyuiu.KushnirS.Sprint5.Task1.V4", "Tyuiu.KushnirS.Sprint5.Task1.V4\Tyuiu.KushnirS.Sprint5.Task1.V4.csproj", "{AECD4E37-99DE-49B5-A0FD-A6EB2CB6E641}"
EndProject
Project("{FAE04EC0-301F-11D3-BF4B-00C04F79EFBC}") = "Tyuiu.KushnirS.Sprint5.Task1.V4.Lib", "Tyuiu.KushnirS.Sprint5.Task1.V4.Lib\Tyuiu.KushnirS.Sprint5.Task1.V4.Lib.csproj", "{3D4D0167-74E7-4498-9F88-3A1788696016}"
EndProject
Project("{FAE04EC0-301F-11D3-BF4B-00C04F79EFBC}") = "Tyuiu.KushnirS.Sprint5.Task1.V4.Test", "Tyuiu.KushnirS.Sprint5.Task1.V4.Test\Tyuiu.KushnirS.Sprint5.Task1.V4.Test.csproj", "{CE7B50D4-6DCF-49B2-9877-DD6E56802A1A}"
EndProject
Project("{2150E333-8FDC-42A3-9474-1A3956D46DE8}") = "Task2", "Task2", "{AEB9A05C-FEAE-413B-A99A-89C13EA449EE}"
EndProject
Project("{FAE04EC0-301F-11D3-BF4B-00C04F79EFBC}") = "Tyuiu.KushnirS.Sprint5.Task2.V2", "Tyuiu.KushnirS.Sprint5.Task2.V2\Tyuiu.KushnirS.Sprint5.Task2.V2.csproj", "{0BB64989-9D08-4944-A19B-5B668E11C8C6}"
EndProject
Project("{FAE04EC0-301F-11D3-BF4B-00C04F79EFBC}") = "Tyuiu.KushnirS.Sprint5.Task2.V2.Lib", "Tyuiu.KushnirS.Sprint5.Task2.V2.Lib\Tyuiu.KushnirS.Sprint5.Task2.V2.Lib.csproj", "{96820034-56CF-4B59-810B-53D8A7F4F793}"
EndProject
Project("{FAE04EC0-301F-11D3-BF4B-00C04F79EFBC}") = "Tyuiu.KushnirS.Sprint5.Task2.V2.Test", "Tyuiu.KushnirS.Sprint5.Task2.V2.Test\Tyuiu.KushnirS.Sprint5.Task2.V2.Test.csproj", "{0FF38840-280F-43DE-A7A0-3019CF89FCEA}"
EndProject
Project("{2150E333-8FDC-42A3-9474-1A3956D46DE8}") = "Task3", "Task3", "{E1D6DFBA-AEFE-4817-B04F-459F3580EFC1}"
EndProject
Project("{FAE04EC0-301F-11D3-BF4B-00C04F79EFBC}") = "Tyuiu.KushnirS.Sprint5.Task3.V17", "Tyuiu.KushnirS.Sprint5.Task3.V17\Tyuiu.KushnirS.Sprint5.Task3.V17.csproj", "{5C0C8011-C199-412F-B0CB-C4D6E6A5E1D0}"
EndProject
Project("{FAE04EC0-301F-11D3-BF4B-00C04F79EFBC}") = "Tyuiu.KushnirS.Sprint5.Task3.V17.Lib", "Tyuiu.KushnirS.Sprint5.Task3.V17.Lib\Tyuiu.KushnirS.Sprint5.Task3.V17.Lib.csproj", "{5D1F2112-1C3F-4B33-A84C-BBFC140220C3}"
EndProject
Project("{FAE04EC0-301F-11D3-BF4B-00C04F79EFBC}") = "Tyuiu.KushnirS.Sprint5.Task3.V17.Test", "Tyuiu.KushnirS.Sprint5.Task3.V17.Test\Tyuiu.KushnirS.Sprint5.Task3.V17.Test.csproj", "{5FC5D787-E282-4014-A7F7-248C00EB4314}"
EndProject
Project("{2150E333-8FDC-42A3-9474-1A3956D46DE8}") = "Task4", "Task4", "{307E967C-5EA7-4BFC-B8A3-22182761CE90}"
EndProject
Project("{FAE04EC0-301F-11D3-BF4B-00C04F79EFBC}") = "Tyuiu.KushnirS.Sprint5.Task4.V4", "Tyuiu.KushnirS.Sprint5.Task4.V4\Tyuiu.KushnirS.Sprint5.Task4.V4.csproj", "{102BA9E9-A474-49FB-A6F5-616C4BD68D20}"
EndProject
Project("{FAE04EC0-301F-11D3-BF4B-00C04F79EFBC}") = "Tyuiu.KushnirS.Sprint5.Task4.V4.Lib", "Tyuiu.KushnirS.Sprint5.Task4.V4.Lib\Tyuiu.KushnirS.Sprint5.Task4.V4.Lib.csproj", "{33575A03-6871-4741-AF2D-AE637CACF1CD}"
EndProject
Project("{FAE04EC0-301F-11D3-BF4B-00C04F79EFBC}") = "Tyuiu.KushnirS.Sprint5.Task4.V4.Test", "Tyuiu.KushnirS.Sprint5.Task4.V4.Test\Tyuiu.KushnirS.Sprint5.Task4.V4.Test.csproj", "{666B5290-1824-4AFD-8A6A-EBC6C45C22C4}"
EndProject
Global
	GlobalSection(SolutionConfigurationPlatforms) = preSolution
		Debug|Any CPU = Debug|Any CPU
		Release|Any CPU = Release|Any CPU
	EndGlobalSection
	GlobalSection(ProjectConfigurationPlatforms) = postSolution
		{0EEEB7E9-4CE3-4145-94B7-57AA93FC639E}.Debug|Any CPU.ActiveCfg = Debug|Any CPU
		{0EEEB7E9-4CE3-4145-94B7-57AA93FC639E}.Debug|Any CPU.Build.0 = Debug|Any CPU
		{0EEEB7E9-4CE3-4145-94B7-57AA93FC639E}.Release|Any CPU.ActiveCfg = Release|Any CPU
		{0EEEB7E9-4CE3-4145-94B7-57AA93FC639E}.Release|Any CPU.Build.0 = Release|Any CPU
		{2E2AC18D-24D4-4C4D-AF69-FA869BAB41EE}.Debug|Any CPU.ActiveCfg = Debug|Any CPU
		{2E2AC18D-24D4-4C4D-AF69-FA869BAB41EE}.Debug|Any CPU.Build.0 = Debug|Any CPU
		{2E2AC18D-24D4-4C4D-AF69-FA869BAB41EE}.Release|Any CPU.ActiveCfg = Release|Any CPU
		{2E2AC18D-24D4-4C4D-AF69-FA869BAB41EE}.Release|Any CPU.Build.0 = Release|Any CPU
		{BC1D3101-4F7D-4DB3-851B-800F47BBFC23}.Debug|Any CPU.ActiveCfg = Debug|Any CPU
		{BC1D3101-4F7D-4DB3-851B-800F47BBFC23}.Debug|Any CPU.Build.0 = Debug|Any CPU
		{BC1D3101-4F7D-4DB3-851B-800F47BBFC23}.Release|Any CPU.ActiveCfg = Release|Any CPU
		{BC1D3101-4F7D-4DB3-851B-800F47BBFC23}.Release|Any CPU.Build.0 = Release|Any CPU
		{AECD4E37-99DE-49B5-A0FD-A6EB2CB6E641}.Debug|Any CPU.ActiveCfg = Debug|Any CPU
		{AECD4E37-99DE-49B5-A0FD-A6EB2CB6E641}.Debug|Any CPU.Build.0 = Debug|Any CPU
		{AECD4E37-99DE-49B5-A0FD-A6EB2CB6E641}.Release|Any CPU.ActiveCfg = Release|Any CPU
		{AECD4E37-99DE-49B5-A0FD-A6EB2CB6E641}.Release|Any CPU.Build.0 = Release|Any CPU
		{3D4D0167-74E7-4498-9F88-3A1788696016}.Debug|Any CPU.ActiveCfg = Debug|Any CPU
		{3D4D0167-74E7-4498-9F88-3A1788696016}.Debug|Any CPU.Build.0 = Debug|Any CPU
		{3D4D0167-74E7-4498-9F88-3A1788696016}.Release|Any CPU.ActiveCfg = Release|Any CPU
		{3D4D0167-74E7-4498-9F88-3A1788696016}.Release|Any CPU.Build.0 = Release|Any CPU
		{CE7B50D4-6DCF-49B2-9877-DD6E56802A1A}.Debug|Any CPU.ActiveCfg = Debug|Any CPU
		{CE7B50D4-6DCF-49B2-9877-DD6E56802A1A}.Debug|Any CPU.Build.0 = Debug|Any CPU
		{CE7B50D4-6DCF-49B2-9877-DD6E56802A1A}.Release|Any CPU.ActiveCfg = Release|Any CPU
		{CE7B50D4-6DCF-49B2-9877-DD6E56802A1A}.Release|Any CPU.Build.0 = Release|Any CPU
		{0BB64989-9D08-4944-A19B-5B668E11C8C6}.Debug|Any CPU.ActiveCfg = Debug|Any CPU
		{0BB64989-9D08-4944-A19B-5B668E11C8C6}.Debug|Any CPU.Build.0 = Debug|Any CPU
		{0BB64989-9D08-4944-A19B-5B668E11C8C6}.Release|Any CPU.ActiveCfg = Release|Any CPU
		{0BB64989-9D08-4944-A19B-5B668E11C8C6}.Release|Any CPU.Build.0 = Release|Any CPU
		{96820034-56CF-4B59-810B-53D8A7F4F793}.Debug|Any CPU.ActiveCfg = Debug|Any CPU
		{96820034-56CF-4B59-810B-53D8A7F4F793}.Debug|Any CPU.Build.0 = Debug|Any CPU
		{96820034-56CF-4B59-810B-53D8A7F4F793}.Release|Any CPU.ActiveCfg = Release|Any CPU
		{96820034-56CF-4B59-810B-53D8A7F4F793}.Release|Any CPU.Build.0 = Release|Any CPU
		{0FF38840-280F-43DE-A7A0-3019CF89FCEA}.Debug|Any CPU.ActiveCfg = Debug|Any CPU
		{0FF38840-280F-43DE-A7A0-3019CF89FCEA}.Debug|Any CPU.Build.0 = Debug|Any CPU
		{0FF38840-280F-43DE-A7A0-3019CF89FCEA}.Release|Any CPU.ActiveCfg = Release|Any CPU
		{0FF38840-280F-43DE-A7A0-3019CF89FCEA}.Release|Any CPU.Build.0 = Release|Any CPU
		{5C0C8011-C199-412F-B0CB-C4D6E6A5E1D0}.Debug|Any CPU.ActiveCfg = Debug|Any CPU
		{5C0C8011-C199-412F-B0CB-C4D6E6A5E1D0}.Debug|Any CPU.Build.0 = Debug|Any CPU
		{5C0C8011-C199-412F-B0CB-C4D6E6A5E1D0}.Release|Any CPU.ActiveCfg = Release|Any CPU
		{5C0C8011-C199-412F-B0CB-C4D6E6A5E1D0}.Release|Any CPU.Build.0 = Release|Any CPU
		{5D1F2112-1C3F-4B33-A84C-BBFC140220C3}.Debug|Any CPU.ActiveCfg = Debug|Any CPU
		{5D1F2112-1C3F-4B33-A84C-BBFC140220C3}.Debug|Any CPU.Build.0 = Debug|Any CPU
		{5D1F2112-1C3F-4B33-A84C-BBFC140220C3}.Release|Any CPU.ActiveCfg = Release|Any CPU
		{5D1F2112-1C3F-4B33-A84C-BBFC140220C3}.Release|Any CPU.Build.0 = Release|Any CPU
		{5FC5D787-E282-4014-A7F7-248C00EB4314}.Debug|Any CPU.ActiveCfg = Debug|Any CPU
		{5FC5D787-E282-4014-A7F7-248C00EB4314}.Debug|Any CPU.Build.0 = Debug|Any CPU
		{5FC5D787-E282-4014-A7F7-248C00EB4314}.Release|Any CPU.ActiveCfg = Release|Any CPU
		{5FC5D787-E282-4014-A7F7-248C00EB4314}.Release|Any CPU.Build.0 = Release|Any CPU
		{102BA9E9-A474-49FB-A6F5-616C4BD68D20}.Debug|Any CPU.ActiveCfg = Debug|Any CPU
		{102BA9E9-A474-49FB-A6F5-616C4BD68D20}.Debug|Any CPU.Build.0 = Debug|Any CPU
		{102BA9E9-A474-49FB-A6F5-616C4BD68D20}.Release|Any CPU.ActiveCfg = Release|Any CPU
		{102BA9E9-A474-49FB-A6F5-616C4BD68D20}.Release|Any CPU.Build.0 = Release|Any CPU
		{33575A03-6871-4741-AF2D-AE637CACF1CD}.Debug|Any CPU.ActiveCfg = Debug|Any CPU
		{33575A03-6871-4741-AF2D-AE637CACF1CD}.Debug|Any CPU.Build.0 = Debug|Any CPU
		{33575A03-6871-4741-AF2D-AE637CACF1CD}.Release|Any CPU.ActiveCfg = Release|Any CPU
		{33575A03-6871-4741-AF2D-AE637CACF1CD}.Release|Any CPU.Build.0 = Release|Any CPU
		{666B5290-1824-4AFD-8A6A-EBC6C45C22C4}.Debug|Any CPU.ActiveCfg = Debug|Any CPU
		{666B5290-1824-4AFD-8A6A-EBC6C45C22C4}.Debug|Any CPU.Build.0 = Debug|Any CPU
		{666B5290-1824-4AFD-8A6A-EBC6C45C22C4}.Release|Any CPU.ActiveCfg = Release|Any CPU
		{666B5290-1824-4AFD-8A6A-EBC6C45C22C4}.Release|Any CPU.Build.0 = Release|Any CPU
	EndGlobalSection
	GlobalSection(SolutionProperties) = preSolution
		HideSolutionNode = FALSE
	EndGlobalSection
	GlobalSection(NestedProjects) = preSolution
		{0EEEB7E9-4CE3-4145-94B7-57AA93FC639E} = {2E7E5972-611C-4065-8892-FBD63F1C8627}
		{2E2AC18D-24D4-4C4D-AF69-FA869BAB41EE} = {2E7E5972-611C-4065-8892-FBD63F1C8627}
		{BC1D3101-4F7D-4DB3-851B-800F47BBFC23} = {2E7E5972-611C-4065-8892-FBD63F1C8627}
		{AECD4E37-99DE-49B5-A0FD-A6EB2CB6E641} = {DCA81DA3-C249-4468-9396-E4AD27FD0646}
		{3D4D0167-74E7-4498-9F88-3A1788696016} = {DCA81DA3-C249-4468-9396-E4AD27FD0646}
		{CE7B50D4-6DCF-49B2-9877-DD6E56802A1A} = {DCA81DA3-C249-4468-9396-E4AD27FD0646}
		{0BB64989-9D08-4944-A19B-5B668E11C8C6} = {AEB9A05C-FEAE-413B-A99A-89C13EA449EE}
		{96820034-56CF-4B59-810B-53D8A7F4F793} = {AEB9A05C-FEAE-413B-A99A-89C13EA449EE}
		{0FF38840-280F-43DE-A7A0-3019CF89FCEA} = {AEB9A05C-FEAE-413B-A99A-89C13EA449EE}
		{5C0C8011-C199-412F-B0CB-C4D6E6A5E1D0} = {E1D6DFBA-AEFE-4817-B04F-459F3580EFC1}
		{5D1F2112-1C3F-4B33-A84C-BBFC140220C3} = {E1D6DFBA-AEFE-4817-B04F-459F3580EFC1}
		{5FC5D787-E282-4014-A7F7-248C00EB4314} = {E1D6DFBA-AEFE-4817-B04F-459F3580EFC1}
		{102BA9E9-A474-49FB-A6F5-616C4BD68D20} = {307E967C-5EA7-4BFC-B8A3-22182761CE90}
		{33575A03-6871-4741-AF2D-AE637CACF1CD} = {307E967C-5EA7-4BFC-B8A3-22182761CE90}
		{666B5290-1824-4AFD-8A6A-EBC6C45C22C4} = {307E967C-5EA7-4BFC-B8A3-22182761CE90}
	EndGlobalSection
	GlobalSection(ExtensibilityGlobals) = postSolution
		SolutionGuid = {E2988285-ABA0-4E22-994E-6D4F7B9447EB}
	EndGlobalSection
EndGlobal
